{
  "nodes": {
    "emacs-overlay": {
      "inputs": {
        "flake-utils": "flake-utils",
        "nixpkgs": "nixpkgs"
      },
      "locked": {
        "lastModified": 1682673816,
        "narHash": "sha256-C5zxg5AbMbX3UD2iiWL6fqvp/csTnk8JeXh6PHf7zOI=",
        "owner": "nix-community",
        "repo": "emacs-overlay",
        "rev": "60fe647be71d6f433f4a8f9f22d7430bf0ef58a4",
        "type": "github"
      },
      "original": {
        "owner": "nix-community",
        "repo": "emacs-overlay",
        "type": "github"
      }
    },
    "flake-utils": {
      "locked": {
        "lastModified": 1667395993,
        "narHash": "sha256-nuEHfE/LcWyuSWnS8t12N1wc105Qtau+/OdUAjtQ0rA=",
        "owner": "numtide",
        "repo": "flake-utils",
        "rev": "5aed5285a952e0b949eb3ba02c12fa4fcfef535f",
        "type": "github"
      },
      "original": {
        "owner": "numtide",
        "repo": "flake-utils",
        "type": "github"
      }
    },
    "flake-utils_2": {
      "inputs": {
        "systems": "systems"
      },
      "locked": {
        "lastModified": 1681202837,
        "narHash": "sha256-H+Rh19JDwRtpVPAWp64F+rlEtxUWBAQW28eAi3SRSzg=",
        "owner": "numtide",
        "repo": "flake-utils",
        "rev": "cfacdce06f30d2b68473a46042957675eebb3401",
        "type": "github"
      },
      "original": {
        "owner": "numtide",
        "repo": "flake-utils",
        "type": "github"
      }
    },
    "home-manager": {
      "inputs": {
        "nixpkgs": [
          "nixpkgs"
        ]
      },
      "locked": {
        "lastModified": 1682663009,
        "narHash": "sha256-i5ZDuY5kUBDwbWFUludL2cm6PBb6oj245qTFXSpOkdo=",
        "owner": "nix-community",
        "repo": "home-manager",
        "rev": "43ba4489bd3f9f69519f5f7ebdb76d0455eccbbe",
        "type": "github"
      },
      "original": {
        "owner": "nix-community",
        "repo": "home-manager",
        "type": "github"
      }
    },
    "hosts": {
      "inputs": {
        "flake-utils": "flake-utils_2",
        "nixpkgs": "nixpkgs_2"
      },
      "locked": {
        "lastModified": 1682621508,
        "narHash": "sha256-wE2bZTldr4wdiyyni8CUw0t3wFa/RNCpdM4TRui/Hwg=",
        "owner": "StevenBlack",
        "repo": "hosts",
        "rev": "ee62be66e34805655ac7ea969f45c7c5272478b5",
        "type": "github"
      },
      "original": {
        "owner": "StevenBlack",
        "repo": "hosts",
        "type": "github"
      }
    },
    "hyprland": {
      "inputs": {
        "hyprland-protocols": "hyprland-protocols",
        "nixpkgs": "nixpkgs_3",
        "wlroots": "wlroots",
        "xdph": "xdph"
      },
      "locked": {
        "lastModified": 1681604834,
        "narHash": "sha256-C+S7iViWG/N0ueax8WPTCQ5q1/IYZ1x2avzgvAtij50=",
        "path": "/nix/store/z256b2hsm6qhxp8yi7ahl5dp6s6gi3ly-source",
        "rev": "c86f06caa0be207882266947da67125177bba5af",
        "type": "path"
      },
      "original": {
        "id": "hyprland",
        "type": "indirect"
      }
    },
    "hyprland-protocols": {
      "inputs": {
        "nixpkgs": [
          "hyprland",
          "nixpkgs"
        ]
      },
      "locked": {
        "lastModified": 1681065697,
        "narHash": "sha256-QPzwwlGKX95tl6ZEshboZbEwwAXww6lNLdVYd6T9Mrc=",
        "owner": "hyprwm",
        "repo": "hyprland-protocols",
        "rev": "4d29e48433270a2af06b8bc711ca1fe5109746cd",
        "type": "github"
      },
      "original": {
        "owner": "hyprwm",
        "repo": "hyprland-protocols",
        "type": "github"
      }
    },
    "nixpkgs": {
      "locked": {
        "lastModified": 1673540789,
        "narHash": "sha256-xqnxBOK3qctIeUVxecydrEDbEXjsvHCPGPbvsl63M/U=",
        "owner": "NixOS",
        "repo": "nixpkgs",
        "rev": "0f213d0fee84280d8c3a97f7469b988d6fe5fcdf",
        "type": "github"
      },
      "original": {
        "owner": "NixOS",
        "ref": "nixos-unstable",
        "repo": "nixpkgs",
        "type": "github"
      }
    },
    "nixpkgs_2": {
      "locked": {
        "lastModified": 1681465517,
        "narHash": "sha256-EasJh15/jcJNAHtq2SGbiADRXteURAnQbj1NqBoKkzU=",
        "path": "/nix/store/ii3d139qfgbyl0i4mwhb1v452f5z3ldp-source",
        "rev": "abe7316dd51a313ce528972b104f4f04f56eefc4",
        "type": "path"
      },
      "original": {
        "id": "nixpkgs",
        "type": "indirect"
      }
    },
    "nixpkgs_3": {
      "locked": {
        "lastModified": 1680669251,
        "narHash": "sha256-AVNE+0u4HlI3v96KCXE9risH7NKqj0QDLLfSckYXIbA=",
        "owner": "NixOS",
        "repo": "nixpkgs",
        "rev": "9c8ff8b426a8b07b9e0a131ac3218740dc85ba1e",
        "type": "github"
      },
      "original": {
        "owner": "NixOS",
        "ref": "nixos-unstable",
        "repo": "nixpkgs",
        "type": "github"
      }
    },
    "nixpkgs_4": {
      "locked": {
        "lastModified": 1682526928,
        "narHash": "sha256-2cKh4O6t1rQ8Ok+v16URynmb0rV7oZPEbXkU0owNLQs=",
        "owner": "NixOS",
        "repo": "nixpkgs",
        "rev": "d6b863fd9b7bb962e6f9fdf292419a775e772891",
        "type": "github"
      },
      "original": {
        "owner": "NixOS",
        "ref": "nixos-unstable",
        "repo": "nixpkgs",
        "type": "github"
      }
    },
    "root": {
      "inputs": {
        "emacs-overlay": "emacs-overlay",
        "home-manager": "home-manager",
        "hosts": "hosts",
        "hyprland": "hyprland",
        "nixpkgs": "nixpkgs_4"
      }
    },
    "systems": {
      "locked": {
        "lastModified": 1681028828,
        "narHash": "sha256-Vy1rq5AaRuLzOxct8nz4T6wlgyUR7zLU309k9mBC768=",
        "owner": "nix-systems",
        "repo": "default",
        "rev": "da67096a3b9bf56a91d16901293e51ba5b49a27e",
        "type": "github"
      },
      "original": {
        "owner": "nix-systems",
        "repo": "default",
        "type": "github"
      }
    },
    "wlroots": {
      "flake": false,
      "locked": {
        "host": "gitlab.freedesktop.org",
        "lastModified": 1680810405,
        "narHash": "sha256-LmI/4Yp/pOOoI4RxLRx9I90NBsiqdRLVOfbATKlgpkg=",
        "owner": "wlroots",
        "repo": "wlroots",
        "rev": "7abda952d0000b72d240fe1d41457b9288f0b6e5",
        "type": "gitlab"
      },
      "original": {
        "host": "gitlab.freedesktop.org",
        "owner": "wlroots",
        "repo": "wlroots",
        "type": "gitlab"
      }
    },
    "xdph": {
      "inputs": {
        "hyprland-protocols": [
          "hyprland",
          "hyprland-protocols"
        ],
        "nixpkgs": [
          "hyprland",
          "nixpkgs"
        ]
      },
      "locked": {
        "lastModified": 1681127512,
        "narHash": "sha256-vklOOhBj5W8fii6yN4L2WY5ZeifBmsq3+mJ2wC1Pk9U=",
        "owner": "hyprwm",
        "repo": "xdg-desktop-portal-hyprland",
        "rev": "04f579377a32781ce57c9cf4ba2a5bcb7f53fa97",
        "type": "github"
      },
      "original": {
        "owner": "hyprwm",
        "repo": "xdg-desktop-portal-hyprland",
        "type": "github"
      }
    }
  },
  "root": "root",
  "version": 7
}
